
Microsoft Visual Studio Solution File, Format Version 12.00
# Visual Studio Version 17
VisualStudioVersion = 17.5.33627.172
MinimumVisualStudioVersion = 10.0.40219.1
Project("{FAE04EC0-301F-11D3-BF4B-00C04F79EFBC}") = "SIDOK", "SIDOK\SIDOK.csproj", "{8AB64343-F8D2-456E-BF55-E016A87452ED}"
EndProject
Project("{2150E333-8FDC-42A3-9474-1A3956D46DE8}") = "Presentation", "Presentation", "{BA90A3C0-33AC-405F-90AB-8C553BD9D0CB}"
EndProject
Project("{2150E333-8FDC-42A3-9474-1A3956D46DE8}") = "Core", "Core", "{E0798D7A-9D1A-44D0-A44E-C8FD4C8900C4}"
EndProject
Project("{2150E333-8FDC-42A3-9474-1A3956D46DE8}") = "Repository", "Repository", "{C3890261-BC5A-46B2-B2F4-31934ABC8E3E}"
EndProject
Project("{2150E333-8FDC-42A3-9474-1A3956D46DE8}") = "Service", "Service", "{297B3394-13C6-4944-BFCA-210C0783CA02}"
EndProject
Project("{FAE04EC0-301F-11D3-BF4B-00C04F79EFBC}") = "SIDOK.Core", "SIDOK.Core\SIDOK.Core.csproj", "{FDA5A3AA-4D18-46FA-BB4B-00255920D88B}"
EndProject
Project("{FAE04EC0-301F-11D3-BF4B-00C04F79EFBC}") = "SIDOK.Repository", "SIDOK.Repository\SIDOK.Repository.csproj", "{A903FEB2-CDEB-4C7C-A010-D79F86916B40}"
EndProject
Project("{FAE04EC0-301F-11D3-BF4B-00C04F79EFBC}") = "SIDOK.Service", "SIDOK.Service\SIDOK.Service.csproj", "{80E42CA4-0765-48C2-A948-CE6D975A12D7}"
EndProject
Project("{FAE04EC0-301F-11D3-BF4B-00C04F79EFBC}") = "SIDOK.Repository.Interface", "SIDOK.Repository.Interface\SIDOK.Repository.Interface.csproj", "{D6240258-BA35-4AEF-94AC-28925B839E76}"
EndProject
Project("{FAE04EC0-301F-11D3-BF4B-00C04F79EFBC}") = "SIDOK.Service.Interface", "SIDOK.Service.Interface\SIDOK.Service.Interface.csproj", "{2473F4E7-A3A2-48E9-A6F4-C495AA290148}"
EndProject
Global
	GlobalSection(SolutionConfigurationPlatforms) = preSolution
		Debug|Any CPU = Debug|Any CPU
		Release|Any CPU = Release|Any CPU
	EndGlobalSection
	GlobalSection(ProjectConfigurationPlatforms) = postSolution
		{8AB64343-F8D2-456E-BF55-E016A87452ED}.Debug|Any CPU.ActiveCfg = Debug|Any CPU
		{8AB64343-F8D2-456E-BF55-E016A87452ED}.Debug|Any CPU.Build.0 = Debug|Any CPU
		{8AB64343-F8D2-456E-BF55-E016A87452ED}.Release|Any CPU.ActiveCfg = Release|Any CPU
		{8AB64343-F8D2-456E-BF55-E016A87452ED}.Release|Any CPU.Build.0 = Release|Any CPU
		{FDA5A3AA-4D18-46FA-BB4B-00255920D88B}.Debug|Any CPU.ActiveCfg = Debug|Any CPU
		{FDA5A3AA-4D18-46FA-BB4B-00255920D88B}.Debug|Any CPU.Build.0 = Debug|Any CPU
		{FDA5A3AA-4D18-46FA-BB4B-00255920D88B}.Release|Any CPU.ActiveCfg = Release|Any CPU
		{FDA5A3AA-4D18-46FA-BB4B-00255920D88B}.Release|Any CPU.Build.0 = Release|Any CPU
		{A903FEB2-CDEB-4C7C-A010-D79F86916B40}.Debug|Any CPU.ActiveCfg = Debug|Any CPU
		{A903FEB2-CDEB-4C7C-A010-D79F86916B40}.Debug|Any CPU.Build.0 = Debug|Any CPU
		{A903FEB2-CDEB-4C7C-A010-D79F86916B40}.Release|Any CPU.ActiveCfg = Release|Any CPU
		{A903FEB2-CDEB-4C7C-A010-D79F86916B40}.Release|Any CPU.Build.0 = Release|Any CPU
		{80E42CA4-0765-48C2-A948-CE6D975A12D7}.Debug|Any CPU.ActiveCfg = Debug|Any CPU
		{80E42CA4-0765-48C2-A948-CE6D975A12D7}.Debug|Any CPU.Build.0 = Debug|Any CPU
		{80E42CA4-0765-48C2-A948-CE6D975A12D7}.Release|Any CPU.ActiveCfg = Release|Any CPU
		{80E42CA4-0765-48C2-A948-CE6D975A12D7}.Release|Any CPU.Build.0 = Release|Any CPU
		{D6240258-BA35-4AEF-94AC-28925B839E76}.Debug|Any CPU.ActiveCfg = Debug|Any CPU
		{D6240258-BA35-4AEF-94AC-28925B839E76}.Debug|Any CPU.Build.0 = Debug|Any CPU
		{D6240258-BA35-4AEF-94AC-28925B839E76}.Release|Any CPU.ActiveCfg = Release|Any CPU
		{D6240258-BA35-4AEF-94AC-28925B839E76}.Release|Any CPU.Build.0 = Release|Any CPU
		{2473F4E7-A3A2-48E9-A6F4-C495AA290148}.Debug|Any CPU.ActiveCfg = Debug|Any CPU
		{2473F4E7-A3A2-48E9-A6F4-C495AA290148}.Debug|Any CPU.Build.0 = Debug|Any CPU
		{2473F4E7-A3A2-48E9-A6F4-C495AA290148}.Release|Any CPU.ActiveCfg = Release|Any CPU
		{2473F4E7-A3A2-48E9-A6F4-C495AA290148}.Release|Any CPU.Build.0 = Release|Any CPU
	EndGlobalSection
	GlobalSection(SolutionProperties) = preSolution
		HideSolutionNode = FALSE
	EndGlobalSection
	GlobalSection(NestedProjects) = preSolution
		{8AB64343-F8D2-456E-BF55-E016A87452ED} = {BA90A3C0-33AC-405F-90AB-8C553BD9D0CB}
		{FDA5A3AA-4D18-46FA-BB4B-00255920D88B} = {E0798D7A-9D1A-44D0-A44E-C8FD4C8900C4}
		{A903FEB2-CDEB-4C7C-A010-D79F86916B40} = {C3890261-BC5A-46B2-B2F4-31934ABC8E3E}
		{80E42CA4-0765-48C2-A948-CE6D975A12D7} = {297B3394-13C6-4944-BFCA-210C0783CA02}
		{D6240258-BA35-4AEF-94AC-28925B839E76} = {C3890261-BC5A-46B2-B2F4-31934ABC8E3E}
		{2473F4E7-A3A2-48E9-A6F4-C495AA290148} = {297B3394-13C6-4944-BFCA-210C0783CA02}
	EndGlobalSection
	GlobalSection(ExtensibilityGlobals) = postSolution
		SolutionGuid = {DBBF9BCE-2E80-4E10-AA5D-28DA02F4B877}
	EndGlobalSection
EndGlobal
